// !$*UTF8*$!
{
	archiveVersion = 1;
	classes = {
	};
	objectVersion = 46;
	objects = {

/* Begin PBXBuildFile section */
		916AEEAE1CA4DA8700884225 /* AppDelegate.swift in Sources */ = {isa = PBXBuildFile; fileRef = 916AEEAD1CA4DA8700884225 /* AppDelegate.swift */; };
		916AEEB31CA4DA8700884225 /* Main.storyboard in Resources */ = {isa = PBXBuildFile; fileRef = 916AEEB11CA4DA8700884225 /* Main.storyboard */; };
		916AEEB51CA4DA8700884225 /* Assets.xcassets in Resources */ = {isa = PBXBuildFile; fileRef = 916AEEB41CA4DA8700884225 /* Assets.xcassets */; };
		916AEEB81CA4DA8700884225 /* LaunchScreen.storyboard in Resources */ = {isa = PBXBuildFile; fileRef = 916AEEB61CA4DA8700884225 /* LaunchScreen.storyboard */; };
		916AEEC01CA4DB0300884225 /* CardsViewController.swift in Sources */ = {isa = PBXBuildFile; fileRef = 916AEEBF1CA4DB0300884225 /* CardsViewController.swift */; };
		916AEEC41CA4DFE800884225 /* CaptionalImageView.swift in Sources */ = {isa = PBXBuildFile; fileRef = 916AEEC31CA4DFE800884225 /* CaptionalImageView.swift */; };
		916AEEC81CA4E0A200884225 /* CaptionalImageView.xib in Resources */ = {isa = PBXBuildFile; fileRef = 916AEEC71CA4E0A200884225 /* CaptionalImageView.xib */; };
		91F5A5381CAD76130084CF68 /* ProfileViewController.swift in Sources */ = {isa = PBXBuildFile; fileRef = 91F5A5361CAD76130084CF68 /* ProfileViewController.swift */; };
		91F5A5391CAD76130084CF68 /* ProfileViewController.xib in Resources */ = {isa = PBXBuildFile; fileRef = 91F5A5371CAD76130084CF68 /* ProfileViewController.xib */; };
/* End PBXBuildFile section */

/* Begin PBXFileReference section */
		916AEEAA1CA4DA8700884225 /* CodepathTindr.app */ = {isa = PBXFileReference; explicitFileType = wrapper.application; includeInIndex = 0; path = CodepathTindr.app; sourceTree = BUILT_PRODUCTS_DIR; };
		916AEEAD1CA4DA8700884225 /* AppDelegate.swift */ = {isa = PBXFileReference; lastKnownFileType = sourcecode.swift; path = AppDelegate.swift; sourceTree = "<group>"; };
		916AEEB21CA4DA8700884225 /* Base */ = {isa = PBXFileReference; lastKnownFileType = file.storyboard; name = Base; path = Base.lproj/Main.storyboard; sourceTree = "<group>"; };
		916AEEB41CA4DA8700884225 /* Assets.xcassets */ = {isa = PBXFileReference; lastKnownFileType = folder.assetcatalog; path = Assets.xcassets; sourceTree = "<group>"; };
		916AEEB71CA4DA8700884225 /* Base */ = {isa = PBXFileReference; lastKnownFileType = file.storyboard; name = Base; path = Base.lproj/LaunchScreen.storyboard; sourceTree = "<group>"; };
		916AEEB91CA4DA8700884225 /* Info.plist */ = {isa = PBXFileReference; lastKnownFileType = text.plist.xml; path = Info.plist; sourceTree = "<group>"; };
		916AEEBF1CA4DB0300884225 /* CardsViewController.swift */ = {isa = PBXFileReference; fileEncoding = 4; lastKnownFileType = sourcecode.swift; path = CardsViewController.swift; sourceTree = "<group>"; };
		916AEEC31CA4DFE800884225 /* CaptionalImageView.swift */ = {isa = PBXFileReference; fileEncoding = 4; lastKnownFileType = sourcecode.swift; path = CaptionalImageView.swift; sourceTree = "<group>"; };
		916AEEC71CA4E0A200884225 /* CaptionalImageView.xib */ = {isa = PBXFileReference; fileEncoding = 4; lastKnownFileType = file.xib; path = CaptionalImageView.xib; sourceTree = "<group>"; };
		91F5A5361CAD76130084CF68 /* ProfileViewController.swift */ = {isa = PBXFileReference; fileEncoding = 4; lastKnownFileType = sourcecode.swift; path = ProfileViewController.swift; sourceTree = "<group>"; };
		91F5A5371CAD76130084CF68 /* ProfileViewController.xib */ = {isa = PBXFileReference; fileEncoding = 4; lastKnownFileType = file.xib; path = ProfileViewController.xib; sourceTree = "<group>"; };
/* End PBXFileReference section */

/* Begin PBXFrameworksBuildPhase section */
		916AEEA71CA4DA8700884225 /* Frameworks */ = {
			isa = PBXFrameworksBuildPhase;
			buildActionMask = 2147483647;
			files = (
			);
			runOnlyForDeploymentPostprocessing = 0;
		};
/* End PBXFrameworksBuildPhase section */

/* Begin PBXGroup section */
		916AEEA11CA4DA8700884225 = {
			isa = PBXGroup;
			children = (
				916AEEAC1CA4DA8700884225 /* CodepathTindr */,
				916AEEAB1CA4DA8700884225 /* Products */,
			);
			sourceTree = "<group>";
		};
		916AEEAB1CA4DA8700884225 /* Products */ = {
			isa = PBXGroup;
			children = (
				916AEEAA1CA4DA8700884225 /* CodepathTindr.app */,
			);
			name = Products;
			sourceTree = "<group>";
		};
		916AEEAC1CA4DA8700884225 /* CodepathTindr */ = {
			isa = PBXGroup;
			children = (
				91F5A5341CAD71370084CF68 /* MainViewController */,
				91F5A5331CAD711F0084CF68 /* AvatarView */,
				91F5A5321CAD71170084CF68 /* ProfileViewController */,
				916AEEAD1CA4DA8700884225 /* AppDelegate.swift */,
				916AEEB11CA4DA8700884225 /* Main.storyboard */,
				916AEEB41CA4DA8700884225 /* Assets.xcassets */,
				916AEEB61CA4DA8700884225 /* LaunchScreen.storyboard */,
				916AEEB91CA4DA8700884225 /* Info.plist */,
			);
			path = CodepathTindr;
			sourceTree = "<group>";
		};
		91F5A5321CAD71170084CF68 /* ProfileViewController */ = {
			isa = PBXGroup;
			children = (
				91F5A5361CAD76130084CF68 /* ProfileViewController.swift */,
				91F5A5371CAD76130084CF68 /* ProfileViewController.xib */,
			);
			name = ProfileViewController;
			sourceTree = "<group>";
		};
		91F5A5331CAD711F0084CF68 /* AvatarView */ = {
			isa = PBXGroup;
			children = (
				916AEEC31CA4DFE800884225 /* CaptionalImageView.swift */,
				916AEEC71CA4E0A200884225 /* CaptionalImageView.xib */,
			);
			name = AvatarView;
			sourceTree = "<group>";
		};
		91F5A5341CAD71370084CF68 /* MainViewController */ = {
			isa = PBXGroup;
			children = (
				916AEEBF1CA4DB0300884225 /* CardsViewController.swift */,
			);
			name = MainViewController;
			sourceTree = "<group>";
		};
/* End PBXGroup section */

/* Begin PBXNativeTarget section */
		916AEEA91CA4DA8700884225 /* CodepathTindr */ = {
			isa = PBXNativeTarget;
			buildConfigurationList = 916AEEBC1CA4DA8700884225 /* Build configuration list for PBXNativeTarget "CodepathTindr" */;
			buildPhases = (
				916AEEA61CA4DA8700884225 /* Sources */,
				916AEEA71CA4DA8700884225 /* Frameworks */,
				916AEEA81CA4DA8700884225 /* Resources */,
			);
			buildRules = (
			);
			dependencies = (
			);
			name = CodepathTindr;
			productName = CodepathTindr;
			productReference = 916AEEAA1CA4DA8700884225 /* CodepathTindr.app */;
			productType = "com.apple.product-type.application";
		};
/* End PBXNativeTarget section */

/* Begin PBXProject section */
		916AEEA21CA4DA8700884225 /* Project object */ = {
			isa = PBXProject;
			attributes = {
				LastSwiftUpdateCheck = 0720;
				LastUpgradeCheck = 0720;
				ORGANIZATIONNAME = Dougli;
				TargetAttributes = {
					916AEEA91CA4DA8700884225 = {
						CreatedOnToolsVersion = 7.2;
						DevelopmentTeam = FD8ZCG5BFR;
					};
				};
			};
			buildConfigurationList = 916AEEA51CA4DA8700884225 /* Build configuration list for PBXProject "CodepathTindr" */;
			compatibilityVersion = "Xcode 3.2";
			developmentRegion = English;
			hasScannedForEncodings = 0;
			knownRegions = (
				en,
				Base,
			);
			mainGroup = 916AEEA11CA4DA8700884225;
			productRefGroup = 916AEEAB1CA4DA8700884225 /* Products */;
			projectDirPath = "";
			projectRoot = "";
			targets = (
				916AEEA91CA4DA8700884225 /* CodepathTindr */,
			);
		};
/* End PBXProject section */

/* Begin PBXResourcesBuildPhase section */
		916AEEA81CA4DA8700884225 /* Resources */ = {
			isa = PBXResourcesBuildPhase;
			buildActionMask = 2147483647;
			files = (
				916AEEC81CA4E0A200884225 /* CaptionalImageView.xib in Resources */,
				916AEEB81CA4DA8700884225 /* LaunchScreen.storyboard in Resources */,
				916AEEB51CA4DA8700884225 /* Assets.xcassets in Resources */,
				91F5A5391CAD76130084CF68 /* ProfileViewController.xib in Resources */,
				916AEEB31CA4DA8700884225 /* Main.storyboard in Resources */,
			);
			runOnlyForDeploymentPostprocessing = 0;
		};
/* End PBXResourcesBuildPhase section */

/* Begin PBXSourcesBuildPhase section */
		916AEEA61CA4DA8700884225 /* Sources */ = {
			isa = PBXSourcesBuildPhase;
			buildActionMask = 2147483647;
			files = (
				916AEEC41CA4DFE800884225 /* CaptionalImageView.swift in Sources */,
				916AEEC01CA4DB0300884225 /* CardsViewController.swift in Sources */,
				91F5A5381CAD76130084CF68 /* ProfileViewController.swift in Sources */,
				916AEEAE1CA4DA8700884225 /* AppDelegate.swift in Sources */,
			);
			runOnlyForDeploymentPostprocessing = 0;
		};
/* End PBXSourcesBuildPhase section */

/* Begin PBXVariantGroup section */
		916AEEB11CA4DA8700884225 /* Main.storyboard */ = {
			isa = PBXVariantGroup;
			children = (
				916AEEB21CA4DA8700884225 /* Base */,
			);
			name = Main.storyboard;
			sourceTree = "<group>";
		};
		916AEEB61CA4DA8700884225 /* LaunchScreen.storyboard */ = {
			isa = PBXVariantGroup;
			children = (
				916AEEB71CA4DA8700884225 /* Base */,
			);
			name = LaunchScreen.storyboard;
			sourceTree = "<group>";
		};
/* End PBXVariantGroup section */

/* Begin XCBuildConfiguration section */
		916AEEBA1CA4DA8700884225 /* Debug */ = {
			isa = XCBuildConfiguration;
			buildSettings = {
				ALWAYS_SEARCH_USER_PATHS = NO;
				CLANG_CXX_LANGUAGE_STANDARD = "gnu++0x";
				CLANG_CXX_LIBRARY = "libc++";
				CLANG_ENABLE_MODULES = YES;
				CLANG_ENABLE_OBJC_ARC = YES;
				CLANG_WARN_BOOL_CONVERSION = YES;
				CLANG_WARN_CONSTANT_CONVERSION = YES;
				CLANG_WARN_DIRECT_OBJC_ISA_USAGE = YES_ERROR;
				CLANG_WARN_EMPTY_BODY = YES;
				CLANG_WARN_ENUM_CONVERSION = YES;
				CLANG_WARN_INT_CONVERSION = YES;
				CLANG_WARN_OBJC_ROOT_CLASS = YES_ERROR;
				CLANG_WARN_UNREACHABLE_CODE = YES;
				CLANG_WARN__DUPLICATE_METHOD_MATCH = YES;
				"CODE_SIGN_IDENTITY[sdk=iphoneos*]" = "iPhone Developer";
				COPY_PHASE_STRIP = NO;
				DEBUG_INFORMATION_FORMAT = dwarf;
				ENABLE_STRICT_OBJC_MSGSEND = YES;
				ENABLE_TESTABILITY = YES;
				GCC_C_LANGUAGE_STANDARD = gnu99;
				GCC_DYNAMIC_NO_PIC = NO;
				GCC_NO_COMMON_BLOCKS = YES;
				GCC_OPTIMIZATION_LEVEL = 0;
				GCC_PREPROCESSOR_DEFINITIONS = (
					"DEBUG=1",
					"$(inherited)",
				);
				GCC_WARN_64_TO_32_BIT_CONVERSION = YES;
				GCC_WARN_ABOUT_RETURN_TYPE = YES_ERROR;
				GCC_WARN_UNDECLARED_SELECTOR = YES;
				GCC_WARN_UNINITIALIZED_AUTOS = YES_AGGRESSIVE;
				GCC_WARN_UNUSED_FUNCTION = YES;
				GCC_WARN_UNUSED_VARIABLE = YES;
				IPHONEOS_DEPLOYMENT_TARGET = 9.2;
				MTL_ENABLE_DEBUG_INFO = YES;
				ONLY_ACTIVE_ARCH = YES;
				SDKROOT = iphoneos;
				SWIFT_OPTIMIZATION_LEVEL = "-Onone";
				TARGETED_DEVICE_FAMILY = "1,2";
			};
			name = Debug;
		};
		916AEEBB1CA4DA8700884225 /* Release */ = {
			isa = XCBuildConfiguration;
			buildSettings = {
				ALWAYS_SEARCH_USER_PATHS = NO;
				CLANG_CXX_LANGUAGE_STANDARD = "gnu++0x";
				CLANG_CXX_LIBRARY = "libc++";
				CLANG_ENABLE_MODULES = YES;
				CLANG_ENABLE_OBJC_ARC = YES;
				CLANG_WARN_BOOL_CONVERSION = YES;
				CLANG_WARN_CONSTANT_CONVERSION = YES;
				CLANG_WARN_DIRECT_OBJC_ISA_USAGE = YES_ERROR;
				CLANG_WARN_EMPTY_BODY = YES;
				CLANG_WARN_ENUM_CONVERSION = YES;
				CLANG_WARN_INT_CONVERSION = YES;
				CLANG_WARN_OBJC_ROOT_CLASS = YES_ERROR;
				CLANG_WARN_UNREACHABLE_CODE = YES;
				CLANG_WARN__DUPLICATE_METHOD_MATCH = YES;
				"CODE_SIGN_IDENTITY[sdk=iphoneos*]" = "iPhone Developer";
				COPY_PHASE_STRIP = NO;
				DEBUG_INFORMATION_FORMAT = "dwarf-with-dsym";
				ENABLE_NS_ASSERTIONS = NO;
				ENABLE_STRICT_OBJC_MSGSEND = YES;
				GCC_C_LANGUAGE_STANDARD = gnu99;
				GCC_NO_COMMON_BLOCKS = YES;
				GCC_WARN_64_TO_32_BIT_CONVERSION = YES;
				GCC_WARN_ABOUT_RETURN_TYPE = YES_ERROR;
				GCC_WARN_UNDECLARED_SELECTOR = YES;
				GCC_WARN_UNINITIALIZED_AUTOS = YES_AGGRESSIVE;
				GCC_WARN_UNUSED_FUNCTION = YES;
				GCC_WARN_UNUSED_VARIABLE = YES;
				IPHONEOS_DEPLOYMENT_TARGET = 9.2;
				MTL_ENABLE_DEBUG_INFO = NO;
				SDKROOT = iphoneos;
				TARGETED_DEVICE_FAMILY = "1,2";
				VALIDATE_PRODUCT = YES;
			};
			name = Release;
		};
		916AEEBD1CA4DA8700884225 /* Debug */ = {
			isa = XCBuildConfiguration;
			buildSettings = {
				ASSETCATALOG_COMPILER_APPICON_NAME = AppIcon;
				INFOPLIST_FILE = CodepathTindr/Info.plist;
				LD_RUNPATH_SEARCH_PATHS = "$(inherited) @executable_path/Frameworks";
				PRODUCT_BUNDLE_IDENTIFIER = Zhi.CodepathTindr;
				PRODUCT_NAME = "$(TARGET_NAME)";
			};
			name = Debug;
		};
		916AEEBE1CA4DA8700884225 /* Release */ = {
			isa = XCBuildConfiguration;
			buildSettings = {
				ASSETCATALOG_COMPILER_APPICON_NAME = AppIcon;
				INFOPLIST_FILE = CodepathTindr/Info.plist;
				LD_RUNPATH_SEARCH_PATHS = "$(inherited) @executable_path/Frameworks";
				PRODUCT_BUNDLE_IDENTIFIER = Zhi.CodepathTindr;
				PRODUCT_NAME = "$(TARGET_NAME)";
			};
			name = Release;
		};
/* End XCBuildConfiguration section */

/* Begin XCConfigurationList section */
		916AEEA51CA4DA8700884225 /* Build configuration list for PBXProject "CodepathTindr" */ = {
			isa = XCConfigurationList;
			buildConfigurations = (
				916AEEBA1CA4DA8700884225 /* Debug */,
				916AEEBB1CA4DA8700884225 /* Release */,
			);
			defaultConfigurationIsVisible = 0;
			defaultConfigurationName = Release;
		};
		916AEEBC1CA4DA8700884225 /* Build configuration list for PBXNativeTarget "CodepathTindr" */ = {
			isa = XCConfigurationList;
			buildConfigurations = (
				916AEEBD1CA4DA8700884225 /* Debug */,
				916AEEBE1CA4DA8700884225 /* Release */,
			);
			defaultConfigurationIsVisible = 0;
			defaultConfigurationName = Release;
		};
/* End XCConfigurationList section */
	};
	rootObject = 916AEEA21CA4DA8700884225 /* Project object */;
}
